
Microsoft Visual Studio Solution File, Format Version 12.00
# Visual Studio Version 17
VisualStudioVersion = 17.9.34701.34
MinimumVisualStudioVersion = 10.0.40219.1
Project("{9A19103F-16F7-4668-BE54-9A1E7A4F7556}") = "DataAccess", "DataAccess\DataAccess.csproj", "{ACE8F4DC-54FA-46B7-B72E-A895D83B5557}"
EndProject
Project("{9A19103F-16F7-4668-BE54-9A1E7A4F7556}") = "Business", "Business\Business.csproj", "{B032DFCD-15EF-4D26-BFE7-4D6F1FD13473}"
EndProject
Project("{9A19103F-16F7-4668-BE54-9A1E7A4F7556}") = "Entities", "Entities\Entities.csproj", "{E5DE8A60-BD2A-48EB-BEBD-DDDA353A3706}"
EndProject
Project("{9A19103F-16F7-4668-BE54-9A1E7A4F7556}") = "Core", "Core\Core.csproj", "{6E3A41A1-EDD2-4AAD-B161-CA4FA383DA88}"
EndProject
Project("{9A19103F-16F7-4668-BE54-9A1E7A4F7556}") = "WebAPI", "WebAPI\WebAPI.csproj", "{C3CEFA3F-E53B-4C77-B1A3-C6D4A05723B5}"
EndProject
Global
	GlobalSection(SolutionConfigurationPlatforms) = preSolution
		Debug|Any CPU = Debug|Any CPU
		Release|Any CPU = Release|Any CPU
	EndGlobalSection
	GlobalSection(ProjectConfigurationPlatforms) = postSolution
		{ACE8F4DC-54FA-46B7-B72E-A895D83B5557}.Debug|Any CPU.ActiveCfg = Debug|Any CPU
		{ACE8F4DC-54FA-46B7-B72E-A895D83B5557}.Debug|Any CPU.Build.0 = Debug|Any CPU
		{ACE8F4DC-54FA-46B7-B72E-A895D83B5557}.Release|Any CPU.ActiveCfg = Release|Any CPU
		{ACE8F4DC-54FA-46B7-B72E-A895D83B5557}.Release|Any CPU.Build.0 = Release|Any CPU
		{B032DFCD-15EF-4D26-BFE7-4D6F1FD13473}.Debug|Any CPU.ActiveCfg = Debug|Any CPU
		{B032DFCD-15EF-4D26-BFE7-4D6F1FD13473}.Debug|Any CPU.Build.0 = Debug|Any CPU
		{B032DFCD-15EF-4D26-BFE7-4D6F1FD13473}.Release|Any CPU.ActiveCfg = Release|Any CPU
		{B032DFCD-15EF-4D26-BFE7-4D6F1FD13473}.Release|Any CPU.Build.0 = Release|Any CPU
		{E5DE8A60-BD2A-48EB-BEBD-DDDA353A3706}.Debug|Any CPU.ActiveCfg = Debug|Any CPU
		{E5DE8A60-BD2A-48EB-BEBD-DDDA353A3706}.Debug|Any CPU.Build.0 = Debug|Any CPU
		{E5DE8A60-BD2A-48EB-BEBD-DDDA353A3706}.Release|Any CPU.ActiveCfg = Release|Any CPU
		{E5DE8A60-BD2A-48EB-BEBD-DDDA353A3706}.Release|Any CPU.Build.0 = Release|Any CPU
		{6E3A41A1-EDD2-4AAD-B161-CA4FA383DA88}.Debug|Any CPU.ActiveCfg = Debug|Any CPU
		{6E3A41A1-EDD2-4AAD-B161-CA4FA383DA88}.Debug|Any CPU.Build.0 = Debug|Any CPU
		{6E3A41A1-EDD2-4AAD-B161-CA4FA383DA88}.Release|Any CPU.ActiveCfg = Release|Any CPU
		{6E3A41A1-EDD2-4AAD-B161-CA4FA383DA88}.Release|Any CPU.Build.0 = Release|Any CPU
		{C3CEFA3F-E53B-4C77-B1A3-C6D4A05723B5}.Debug|Any CPU.ActiveCfg = Debug|Any CPU
		{C3CEFA3F-E53B-4C77-B1A3-C6D4A05723B5}.Debug|Any CPU.Build.0 = Debug|Any CPU
		{C3CEFA3F-E53B-4C77-B1A3-C6D4A05723B5}.Release|Any CPU.ActiveCfg = Release|Any CPU
		{C3CEFA3F-E53B-4C77-B1A3-C6D4A05723B5}.Release|Any CPU.Build.0 = Release|Any CPU
	EndGlobalSection
	GlobalSection(SolutionProperties) = preSolution
		HideSolutionNode = FALSE
	EndGlobalSection
	GlobalSection(ExtensibilityGlobals) = postSolution
		SolutionGuid = {235C2B61-3817-4047-8CCF-B3EB4A4471A4}
	EndGlobalSection
EndGlobal
